PODS:
  - Flutter (1.0.0)
  - plugin_scaffold (0.0.1):
    - Flutter

DEPENDENCIES:
  - Flutter (from `.symlinks/flutter/ios`)
  - plugin_scaffold (from `.symlinks/plugins/plugin_scaffold/ios`)

EXTERNAL SOURCES:
  Flutter:
    :path: ".symlinks/flutter/ios"
  plugin_scaffold:
    :path: ".symlinks/plugins/plugin_scaffold/ios"

SPEC CHECKSUMS:
  Flutter: 58dd7d1b27887414a370fcccb9e645c08ffd7a6a
  plugin_scaffold: e7c52bc1cfb6e672959f798dfc9dea8dff55daeb

PODFILE CHECKSUM: d8a0928a71236133e916e5c83a77b14ac68d5d1f

COCOAPODS: 1.7.0.beta.3
