PODS:
  - Flutter (1.0.0)
  - plugin_scaffold (0.0.1):
    - Flutter

DEPENDENCIES:
  - Flutter (from `Flutter`)
  - plugin_scaffold (from `.symlinks/plugins/plugin_scaffold/ios`)

EXTERNAL SOURCES:
  Flutter:
    :path: Flutter
  plugin_scaffold:
    :path: ".symlinks/plugins/plugin_scaffold/ios"

SPEC CHECKSUMS:
  Flutter: 0e3d915762c693b495b44d77113d4970485de6ec
  plugin_scaffold: f83b8103defd141436d8ee29ba4a3e1b5230fea1

PODFILE CHECKSUM: 1b66dae606f75376c5f2135a8290850eeb09ae83

COCOAPODS: 1.8.4
